
Microsoft Visual Studio Solution File, Format Version 12.00
# Visual Studio 15
Project("{FAE04EC0-301F-11D3-BF4B-00C04F79EFBC}") = "GastroBilişim", "Assembly-CSharp.csproj", "{131B037E-57BA-11B1-D80E-32437EE68D0E}"
EndProject
Project("{FAE04EC0-301F-11D3-BF4B-00C04F79EFBC}") = "GastroBilişim", "Assembly-CSharp-firstpass.csproj", "{C113C622-CAF1-4C77-C129-415A8293B5AE}"
EndProject
Project("{FAE04EC0-301F-11D3-BF4B-00C04F79EFBC}") = "GastroBilişim", "Assembly-CSharp-Editor-firstpass.csproj", "{608282C8-5DF4-7782-A5CD-F8326F6302B9}"
EndProject
Global
	GlobalSection(SolutionConfigurationPlatforms) = preSolution
		Debug|Any CPU = Debug|Any CPU
		Release|Any CPU = Release|Any CPU
	EndGlobalSection
	GlobalSection(ProjectConfigurationPlatforms) = postSolution
		{131B037E-57BA-11B1-D80E-32437EE68D0E}.Debug|Any CPU.ActiveCfg = Debug|Any CPU
		{131B037E-57BA-11B1-D80E-32437EE68D0E}.Debug|Any CPU.Build.0 = Debug|Any CPU
		{131B037E-57BA-11B1-D80E-32437EE68D0E}.Release|Any CPU.ActiveCfg = Release|Any CPU
		{131B037E-57BA-11B1-D80E-32437EE68D0E}.Release|Any CPU.Build.0 = Release|Any CPU
		{C113C622-CAF1-4C77-C129-415A8293B5AE}.Debug|Any CPU.ActiveCfg = Debug|Any CPU
		{C113C622-CAF1-4C77-C129-415A8293B5AE}.Debug|Any CPU.Build.0 = Debug|Any CPU
		{C113C622-CAF1-4C77-C129-415A8293B5AE}.Release|Any CPU.ActiveCfg = Release|Any CPU
		{C113C622-CAF1-4C77-C129-415A8293B5AE}.Release|Any CPU.Build.0 = Release|Any CPU
		{608282C8-5DF4-7782-A5CD-F8326F6302B9}.Debug|Any CPU.ActiveCfg = Debug|Any CPU
		{608282C8-5DF4-7782-A5CD-F8326F6302B9}.Debug|Any CPU.Build.0 = Debug|Any CPU
		{608282C8-5DF4-7782-A5CD-F8326F6302B9}.Release|Any CPU.ActiveCfg = Release|Any CPU
		{608282C8-5DF4-7782-A5CD-F8326F6302B9}.Release|Any CPU.Build.0 = Release|Any CPU
	EndGlobalSection
	GlobalSection(SolutionProperties) = preSolution
		HideSolutionNode = FALSE
	EndGlobalSection
EndGlobal
